// !$*UTF8*$!
{
	archiveVersion = 1;
	classes = {
	};
	objectVersion = 46;
	objects = {

/* Begin PBXBuildFile section */
		413673F7193F96E5006B228B /* Foundation.framework in Frameworks */ = {isa = PBXBuildFile; fileRef = 413673F6193F96E5006B228B /* Foundation.framework */; };
		413673F9193F96E5006B228B /* CoreGraphics.framework in Frameworks */ = {isa = PBXBuildFile; fileRef = 413673F8193F96E5006B228B /* CoreGraphics.framework */; };
		413673FB193F96E5006B228B /* UIKit.framework in Frameworks */ = {isa = PBXBuildFile; fileRef = 413673FA193F96E5006B228B /* UIKit.framework */; };
		41367401193F96E5006B228B /* InfoPlist.strings in Resources */ = {isa = PBXBuildFile; fileRef = 413673FF193F96E5006B228B /* InfoPlist.strings */; };
		41367403193F96E5006B228B /* main.m in Sources */ = {isa = PBXBuildFile; fileRef = 41367402193F96E5006B228B /* main.m */; };
		41367407193F96E5006B228B /* CocoapodsTest2AppDelegate.m in Sources */ = {isa = PBXBuildFile; fileRef = 41367406193F96E5006B228B /* CocoapodsTest2AppDelegate.m */; };
		4136740A193F96E5006B228B /* Main.storyboard in Resources */ = {isa = PBXBuildFile; fileRef = 41367408193F96E5006B228B /* Main.storyboard */; };
		4136740D193F96E5006B228B /* CocoapodsTest2ViewController.m in Sources */ = {isa = PBXBuildFile; fileRef = 4136740C193F96E5006B228B /* CocoapodsTest2ViewController.m */; };
		4136740F193F96E5006B228B /* Images.xcassets in Resources */ = {isa = PBXBuildFile; fileRef = 4136740E193F96E5006B228B /* Images.xcassets */; };
		41367416193F96E5006B228B /* XCTest.framework in Frameworks */ = {isa = PBXBuildFile; fileRef = 41367415193F96E5006B228B /* XCTest.framework */; };
		41367417193F96E5006B228B /* Foundation.framework in Frameworks */ = {isa = PBXBuildFile; fileRef = 413673F6193F96E5006B228B /* Foundation.framework */; };
		41367418193F96E5006B228B /* UIKit.framework in Frameworks */ = {isa = PBXBuildFile; fileRef = 413673FA193F96E5006B228B /* UIKit.framework */; };
		41367420193F96E5006B228B /* InfoPlist.strings in Resources */ = {isa = PBXBuildFile; fileRef = 4136741E193F96E5006B228B /* InfoPlist.strings */; };
		41367422193F96E5006B228B /* CocoapodsTest2Tests.m in Sources */ = {isa = PBXBuildFile; fileRef = 41367421193F96E5006B228B /* CocoapodsTest2Tests.m */; };
/* End PBXBuildFile section */

/* Begin PBXContainerItemProxy section */
		41367419193F96E5006B228B /* PBXContainerItemProxy */ = {
			isa = PBXContainerItemProxy;
			containerPortal = 413673EB193F96E4006B228B /* Project object */;
			proxyType = 1;
			remoteGlobalIDString = 413673F2193F96E4006B228B;
			remoteInfo = CocoapodsTest2;
		};
/* End PBXContainerItemProxy section */

/* Begin PBXFileReference section */
		413673F3193F96E5006B228B /* CocoapodsTest2.app */ = {isa = PBXFileReference; explicitFileType = wrapper.application; includeInIndex = 0; path = CocoapodsTest2.app; sourceTree = BUILT_PRODUCTS_DIR; };
		413673F6193F96E5006B228B /* Foundation.framework */ = {isa = PBXFileReference; lastKnownFileType = wrapper.framework; name = Foundation.framework; path = System/Library/Frameworks/Foundation.framework; sourceTree = SDKROOT; };
		413673F8193F96E5006B228B /* CoreGraphics.framework */ = {isa = PBXFileReference; lastKnownFileType = wrapper.framework; name = CoreGraphics.framework; path = System/Library/Frameworks/CoreGraphics.framework; sourceTree = SDKROOT; };
		413673FA193F96E5006B228B /* UIKit.framework */ = {isa = PBXFileReference; lastKnownFileType = wrapper.framework; name = UIKit.framework; path = System/Library/Frameworks/UIKit.framework; sourceTree = SDKROOT; };
		413673FE193F96E5006B228B /* CocoapodsTest2-Info.plist */ = {isa = PBXFileReference; lastKnownFileType = text.plist.xml; path = "CocoapodsTest2-Info.plist"; sourceTree = "<group>"; };
		41367400193F96E5006B228B /* en */ = {isa = PBXFileReference; lastKnownFileType = text.plist.strings; name = en; path = en.lproj/InfoPlist.strings; sourceTree = "<group>"; };
		41367402193F96E5006B228B /* main.m */ = {isa = PBXFileReference; lastKnownFileType = sourcecode.c.objc; path = main.m; sourceTree = "<group>"; };
		41367404193F96E5006B228B /* CocoapodsTest2-Prefix.pch */ = {isa = PBXFileReference; lastKnownFileType = sourcecode.c.h; path = "CocoapodsTest2-Prefix.pch"; sourceTree = "<group>"; };
		41367405193F96E5006B228B /* CocoapodsTest2AppDelegate.h */ = {isa = PBXFileReference; lastKnownFileType = sourcecode.c.h; path = CocoapodsTest2AppDelegate.h; sourceTree = "<group>"; };
		41367406193F96E5006B228B /* CocoapodsTest2AppDelegate.m */ = {isa = PBXFileReference; lastKnownFileType = sourcecode.c.objc; path = CocoapodsTest2AppDelegate.m; sourceTree = "<group>"; };
		41367409193F96E5006B228B /* Base */ = {isa = PBXFileReference; lastKnownFileType = file.storyboard; name = Base; path = Base.lproj/Main.storyboard; sourceTree = "<group>"; };
		4136740B193F96E5006B228B /* CocoapodsTest2ViewController.h */ = {isa = PBXFileReference; lastKnownFileType = sourcecode.c.h; path = CocoapodsTest2ViewController.h; sourceTree = "<group>"; };
		4136740C193F96E5006B228B /* CocoapodsTest2ViewController.m */ = {isa = PBXFileReference; lastKnownFileType = sourcecode.c.objc; path = CocoapodsTest2ViewController.m; sourceTree = "<group>"; };
		4136740E193F96E5006B228B /* Images.xcassets */ = {isa = PBXFileReference; lastKnownFileType = folder.assetcatalog; path = Images.xcassets; sourceTree = "<group>"; };
		41367414193F96E5006B228B /* CocoapodsTest2Tests.xctest */ = {isa = PBXFileReference; explicitFileType = wrapper.cfbundle; includeInIndex = 0; path = CocoapodsTest2Tests.xctest; sourceTree = BUILT_PRODUCTS_DIR; };
		41367415193F96E5006B228B /* XCTest.framework */ = {isa = PBXFileReference; lastKnownFileType = wrapper.framework; name = XCTest.framework; path = Library/Frameworks/XCTest.framework; sourceTree = DEVELOPER_DIR; };
		4136741D193F96E5006B228B /* CocoapodsTest2Tests-Info.plist */ = {isa = PBXFileReference; lastKnownFileType = text.plist.xml; path = "CocoapodsTest2Tests-Info.plist"; sourceTree = "<group>"; };
		4136741F193F96E5006B228B /* en */ = {isa = PBXFileReference; lastKnownFileType = text.plist.strings; name = en; path = en.lproj/InfoPlist.strings; sourceTree = "<group>"; };
		41367421193F96E5006B228B /* CocoapodsTest2Tests.m */ = {isa = PBXFileReference; lastKnownFileType = sourcecode.c.objc; path = CocoapodsTest2Tests.m; sourceTree = "<group>"; };
/* End PBXFileReference section */

/* Begin PBXFrameworksBuildPhase section */
		413673F0193F96E4006B228B /* Frameworks */ = {
			isa = PBXFrameworksBuildPhase;
			buildActionMask = 2147483647;
			files = (
				413673F9193F96E5006B228B /* CoreGraphics.framework in Frameworks */,
				413673FB193F96E5006B228B /* UIKit.framework in Frameworks */,
				413673F7193F96E5006B228B /* Foundation.framework in Frameworks */,
			);
			runOnlyForDeploymentPostprocessing = 0;
		};
		41367411193F96E5006B228B /* Frameworks */ = {
			isa = PBXFrameworksBuildPhase;
			buildActionMask = 2147483647;
			files = (
				41367416193F96E5006B228B /* XCTest.framework in Frameworks */,
				41367418193F96E5006B228B /* UIKit.framework in Frameworks */,
				41367417193F96E5006B228B /* Foundation.framework in Frameworks */,
			);
			runOnlyForDeploymentPostprocessing = 0;
		};
/* End PBXFrameworksBuildPhase section */

/* Begin PBXGroup section */
		413673EA193F96E4006B228B = {
			isa = PBXGroup;
			children = (
				413673FC193F96E5006B228B /* CocoapodsTest2 */,
				4136741B193F96E5006B228B /* CocoapodsTest2Tests */,
				413673F5193F96E5006B228B /* Frameworks */,
				413673F4193F96E5006B228B /* Products */,
			);
			sourceTree = "<group>";
		};
		413673F4193F96E5006B228B /* Products */ = {
			isa = PBXGroup;
			children = (
				413673F3193F96E5006B228B /* CocoapodsTest2.app */,
				41367414193F96E5006B228B /* CocoapodsTest2Tests.xctest */,
			);
			name = Products;
			sourceTree = "<group>";
		};
		413673F5193F96E5006B228B /* Frameworks */ = {
			isa = PBXGroup;
			children = (
				413673F6193F96E5006B228B /* Foundation.framework */,
				413673F8193F96E5006B228B /* CoreGraphics.framework */,
				413673FA193F96E5006B228B /* UIKit.framework */,
				41367415193F96E5006B228B /* XCTest.framework */,
			);
			name = Frameworks;
			sourceTree = "<group>";
		};
		413673FC193F96E5006B228B /* CocoapodsTest2 */ = {
			isa = PBXGroup;
			children = (
				41367405193F96E5006B228B /* CocoapodsTest2AppDelegate.h */,
				41367406193F96E5006B228B /* CocoapodsTest2AppDelegate.m */,
				41367408193F96E5006B228B /* Main.storyboard */,
				4136740B193F96E5006B228B /* CocoapodsTest2ViewController.h */,
				4136740C193F96E5006B228B /* CocoapodsTest2ViewController.m */,
				4136740E193F96E5006B228B /* Images.xcassets */,
				413673FD193F96E5006B228B /* Supporting Files */,
			);
			path = CocoapodsTest2;
			sourceTree = "<group>";
		};
		413673FD193F96E5006B228B /* Supporting Files */ = {
			isa = PBXGroup;
			children = (
				413673FE193F96E5006B228B /* CocoapodsTest2-Info.plist */,
				413673FF193F96E5006B228B /* InfoPlist.strings */,
				41367402193F96E5006B228B /* main.m */,
				41367404193F96E5006B228B /* CocoapodsTest2-Prefix.pch */,
			);
			name = "Supporting Files";
			sourceTree = "<group>";
		};
		4136741B193F96E5006B228B /* CocoapodsTest2Tests */ = {
			isa = PBXGroup;
			children = (
				41367421193F96E5006B228B /* CocoapodsTest2Tests.m */,
				4136741C193F96E5006B228B /* Supporting Files */,
			);
			path = CocoapodsTest2Tests;
			sourceTree = "<group>";
		};
		4136741C193F96E5006B228B /* Supporting Files */ = {
			isa = PBXGroup;
			children = (
				4136741D193F96E5006B228B /* CocoapodsTest2Tests-Info.plist */,
				4136741E193F96E5006B228B /* InfoPlist.strings */,
			);
			name = "Supporting Files";
			sourceTree = "<group>";
		};
/* End PBXGroup section */

/* Begin PBXNativeTarget section */
		413673F2193F96E4006B228B /* CocoapodsTest2 */ = {
			isa = PBXNativeTarget;
			buildConfigurationList = 41367425193F96E5006B228B /* Build configuration list for PBXNativeTarget "CocoapodsTest2" */;
			buildPhases = (
				413673EF193F96E4006B228B /* Sources */,
				413673F0193F96E4006B228B /* Frameworks */,
				413673F1193F96E4006B228B /* Resources */,
			);
			buildRules = (
			);
			dependencies = (
			);
			name = CocoapodsTest2;
			productName = CocoapodsTest2;
			productReference = 413673F3193F96E5006B228B /* CocoapodsTest2.app */;
			productType = "com.apple.product-type.application";
		};
		41367413193F96E5006B228B /* CocoapodsTest2Tests */ = {
			isa = PBXNativeTarget;
			buildConfigurationList = 41367428193F96E5006B228B /* Build configuration list for PBXNativeTarget "CocoapodsTest2Tests" */;
			buildPhases = (
				41367410193F96E5006B228B /* Sources */,
				41367411193F96E5006B228B /* Frameworks */,
				41367412193F96E5006B228B /* Resources */,
			);
			buildRules = (
			);
			dependencies = (
				4136741A193F96E5006B228B /* PBXTargetDependency */,
			);
			name = CocoapodsTest2Tests;
			productName = CocoapodsTest2Tests;
			productReference = 41367414193F96E5006B228B /* CocoapodsTest2Tests.xctest */;
			productType = "com.apple.product-type.bundle.unit-test";
		};
/* End PBXNativeTarget section */

/* Begin PBXProject section */
		413673EB193F96E4006B228B /* Project object */ = {
			isa = PBXProject;
			attributes = {
				CLASSPREFIX = CocoapodsTest2;
				LastUpgradeCheck = 0510;
				ORGANIZATIONNAME = "Jose Rafael Leon Bigio Anton";
				TargetAttributes = {
					41367413193F96E5006B228B = {
						TestTargetID = 413673F2193F96E4006B228B;
					};
				};
			};
			buildConfigurationList = 413673EE193F96E4006B228B /* Build configuration list for PBXProject "CocoapodsTest2" */;
			compatibilityVersion = "Xcode 3.2";
			developmentRegion = English;
			hasScannedForEncodings = 0;
			knownRegions = (
				en,
				Base,
			);
			mainGroup = 413673EA193F96E4006B228B;
			productRefGroup = 413673F4193F96E5006B228B /* Products */;
			projectDirPath = "";
			projectRoot = "";
			targets = (
				413673F2193F96E4006B228B /* CocoapodsTest2 */,
				41367413193F96E5006B228B /* CocoapodsTest2Tests */,
			);
		};
/* End PBXProject section */

/* Begin PBXResourcesBuildPhase section */
		413673F1193F96E4006B228B /* Resources */ = {
			isa = PBXResourcesBuildPhase;
			buildActionMask = 2147483647;
			files = (
				4136740F193F96E5006B228B /* Images.xcassets in Resources */,
				41367401193F96E5006B228B /* InfoPlist.strings in Resources */,
				4136740A193F96E5006B228B /* Main.storyboard in Resources */,
			);
			runOnlyForDeploymentPostprocessing = 0;
		};
		41367412193F96E5006B228B /* Resources */ = {
			isa = PBXResourcesBuildPhase;
			buildActionMask = 2147483647;
			files = (
				41367420193F96E5006B228B /* InfoPlist.strings in Resources */,
			);
			runOnlyForDeploymentPostprocessing = 0;
		};
/* End PBXResourcesBuildPhase section */

/* Begin PBXSourcesBuildPhase section */
		413673EF193F96E4006B228B /* Sources */ = {
			isa = PBXSourcesBuildPhase;
			buildActionMask = 2147483647;
			files = (
				41367403193F96E5006B228B /* main.m in Sources */,
				4136740D193F96E5006B228B /* CocoapodsTest2ViewController.m in Sources */,
				41367407193F96E5006B228B /* CocoapodsTest2AppDelegate.m in Sources */,
			);
			runOnlyForDeploymentPostprocessing = 0;
		};
		41367410193F96E5006B228B /* Sources */ = {
			isa = PBXSourcesBuildPhase;
			buildActionMask = 2147483647;
			files = (
				41367422193F96E5006B228B /* CocoapodsTest2Tests.m in Sources */,
			);
			runOnlyForDeploymentPostprocessing = 0;
		};
/* End PBXSourcesBuildPhase section */

/* Begin PBXTargetDependency section */
		4136741A193F96E5006B228B /* PBXTargetDependency */ = {
			isa = PBXTargetDependency;
			target = 413673F2193F96E4006B228B /* CocoapodsTest2 */;
			targetProxy = 41367419193F96E5006B228B /* PBXContainerItemProxy */;
		};
/* End PBXTargetDependency section */

/* Begin PBXVariantGroup section */
		413673FF193F96E5006B228B /* InfoPlist.strings */ = {
			isa = PBXVariantGroup;
			children = (
				41367400193F96E5006B228B /* en */,
			);
			name = InfoPlist.strings;
			sourceTree = "<group>";
		};
		41367408193F96E5006B228B /* Main.storyboard */ = {
			isa = PBXVariantGroup;
			children = (
				41367409193F96E5006B228B /* Base */,
			);
			name = Main.storyboard;
			sourceTree = "<group>";
		};
		4136741E193F96E5006B228B /* InfoPlist.strings */ = {
			isa = PBXVariantGroup;
			children = (
				4136741F193F96E5006B228B /* en */,
			);
			name = InfoPlist.strings;
			sourceTree = "<group>";
		};
/* End PBXVariantGroup section */

/* Begin XCBuildConfiguration section */
		41367423193F96E5006B228B /* Debug */ = {
			isa = XCBuildConfiguration;
			buildSettings = {
				ALWAYS_SEARCH_USER_PATHS = NO;
				CLANG_CXX_LANGUAGE_STANDARD = "gnu++0x";
				CLANG_CXX_LIBRARY = "libc++";
				CLANG_ENABLE_MODULES = YES;
				CLANG_ENABLE_OBJC_ARC = YES;
				CLANG_WARN_BOOL_CONVERSION = YES;
				CLANG_WARN_CONSTANT_CONVERSION = YES;
				CLANG_WARN_DIRECT_OBJC_ISA_USAGE = YES_ERROR;
				CLANG_WARN_EMPTY_BODY = YES;
				CLANG_WARN_ENUM_CONVERSION = YES;
				CLANG_WARN_INT_CONVERSION = YES;
				CLANG_WARN_OBJC_ROOT_CLASS = YES_ERROR;
				CLANG_WARN__DUPLICATE_METHOD_MATCH = YES;
				"CODE_SIGN_IDENTITY[sdk=iphoneos*]" = "iPhone Developer";
				COPY_PHASE_STRIP = NO;
				GCC_C_LANGUAGE_STANDARD = gnu99;
				GCC_DYNAMIC_NO_PIC = NO;
				GCC_OPTIMIZATION_LEVEL = 0;
				GCC_PREPROCESSOR_DEFINITIONS = (
					"DEBUG=1",
					"$(inherited)",
				);
				GCC_SYMBOLS_PRIVATE_EXTERN = NO;
				GCC_WARN_64_TO_32_BIT_CONVERSION = YES;
				GCC_WARN_ABOUT_RETURN_TYPE = YES_ERROR;
				GCC_WARN_UNDECLARED_SELECTOR = YES;
				GCC_WARN_UNINITIALIZED_AUTOS = YES_AGGRESSIVE;
				GCC_WARN_UNUSED_FUNCTION = YES;
				GCC_WARN_UNUSED_VARIABLE = YES;
				IPHONEOS_DEPLOYMENT_TARGET = 7.1;
				ONLY_ACTIVE_ARCH = YES;
				SDKROOT = iphoneos;
			};
			name = Debug;
		};
		41367424193F96E5006B228B /* Release */ = {
			isa = XCBuildConfiguration;
			buildSettings = {
				ALWAYS_SEARCH_USER_PATHS = NO;
				CLANG_CXX_LANGUAGE_STANDARD = "gnu++0x";
				CLANG_CXX_LIBRARY = "libc++";
				CLANG_ENABLE_MODULES = YES;
				CLANG_ENABLE_OBJC_ARC = YES;
				CLANG_WARN_BOOL_CONVERSION = YES;
				CLANG_WARN_CONSTANT_CONVERSION = YES;
				CLANG_WARN_DIRECT_OBJC_ISA_USAGE = YES_ERROR;
				CLANG_WARN_EMPTY_BODY = YES;
				CLANG_WARN_ENUM_CONVERSION = YES;
				CLANG_WARN_INT_CONVERSION = YES;
				CLANG_WARN_OBJC_ROOT_CLASS = YES_ERROR;
				CLANG_WARN__DUPLICATE_METHOD_MATCH = YES;
				"CODE_SIGN_IDENTITY[sdk=iphoneos*]" = "iPhone Developer";
				COPY_PHASE_STRIP = YES;
				ENABLE_NS_ASSERTIONS = NO;
				GCC_C_LANGUAGE_STANDARD = gnu99;
				GCC_WARN_64_TO_32_BIT_CONVERSION = YES;
				GCC_WARN_ABOUT_RETURN_TYPE = YES_ERROR;
				GCC_WARN_UNDECLARED_SELECTOR = YES;
				GCC_WARN_UNINITIALIZED_AUTOS = YES_AGGRESSIVE;
				GCC_WARN_UNUSED_FUNCTION = YES;
				GCC_WARN_UNUSED_VARIABLE = YES;
				IPHONEOS_DEPLOYMENT_TARGET = 7.1;
				SDKROOT = iphoneos;
				VALIDATE_PRODUCT = YES;
			};
			name = Release;
		};
		41367426193F96E5006B228B /* Debug */ = {
			isa = XCBuildConfiguration;
			buildSettings = {
				ASSETCATALOG_COMPILER_APPICON_NAME = AppIcon;
				ASSETCATALOG_COMPILER_LAUNCHIMAGE_NAME = LaunchImage;
				GCC_PRECOMPILE_PREFIX_HEADER = YES;
				GCC_PREFIX_HEADER = "CocoapodsTest2/CocoapodsTest2-Prefix.pch";
				INFOPLIST_FILE = "CocoapodsTest2/CocoapodsTest2-Info.plist";
				PRODUCT_NAME = "$(TARGET_NAME)";
				WRAPPER_EXTENSION = app;
			};
			name = Debug;
		};
		41367427193F96E5006B228B /* Release */ = {
			isa = XCBuildConfiguration;
			buildSettings = {
				ASSETCATALOG_COMPILER_APPICON_NAME = AppIcon;
				ASSETCATALOG_COMPILER_LAUNCHIMAGE_NAME = LaunchImage;
				GCC_PRECOMPILE_PREFIX_HEADER = YES;
				GCC_PREFIX_HEADER = "CocoapodsTest2/CocoapodsTest2-Prefix.pch";
				INFOPLIST_FILE = "CocoapodsTest2/CocoapodsTest2-Info.plist";
				PRODUCT_NAME = "$(TARGET_NAME)";
				WRAPPER_EXTENSION = app;
			};
			name = Release;
		};
		41367429193F96E5006B228B /* Debug */ = {
			isa = XCBuildConfiguration;
			buildSettings = {
				BUNDLE_LOADER = "$(BUILT_PRODUCTS_DIR)/CocoapodsTest2.app/CocoapodsTest2";
				FRAMEWORK_SEARCH_PATHS = (
					"$(SDKROOT)/Developer/Library/Frameworks",
					"$(inherited)",
					"$(DEVELOPER_FRAMEWORKS_DIR)",
				);
				GCC_PRECOMPILE_PREFIX_HEADER = YES;
				GCC_PREFIX_HEADER = "CocoapodsTest2/CocoapodsTest2-Prefix.pch";
				GCC_PREPROCESSOR_DEFINITIONS = (
					"DEBUG=1",
					"$(inherited)",
				);
				INFOPLIST_FILE = "CocoapodsTest2Tests/CocoapodsTest2Tests-Info.plist";
				PRODUCT_NAME = "$(TARGET_NAME)";
				TEST_HOST = "$(BUNDLE_LOADER)";
				WRAPPER_EXTENSION = xctest;
			};
			name = Debug;
		};
		4136742A193F96E5006B228B /* Release */ = {
			isa = XCBuildConfiguration;
			buildSettings = {
				BUNDLE_LOADER = "$(BUILT_PRODUCTS_DIR)/CocoapodsTest2.app/CocoapodsTest2";
				FRAMEWORK_SEARCH_PATHS = (
					"$(SDKROOT)/Developer/Library/Frameworks",
					"$(inherited)",
					"$(DEVELOPER_FRAMEWORKS_DIR)",
				);
				GCC_PRECOMPILE_PREFIX_HEADER = YES;
				GCC_PREFIX_HEADER = "CocoapodsTest2/CocoapodsTest2-Prefix.pch";
				INFOPLIST_FILE = "CocoapodsTest2Tests/CocoapodsTest2Tests-Info.plist";
				PRODUCT_NAME = "$(TARGET_NAME)";
				TEST_HOST = "$(BUNDLE_LOADER)";
				WRAPPER_EXTENSION = xctest;
			};
			name = Release;
		};
/* End XCBuildConfiguration section */

/* Begin XCConfigurationList section */
		413673EE193F96E4006B228B /* Build configuration list for PBXProject "CocoapodsTest2" */ = {
			isa = XCConfigurationList;
			buildConfigurations = (
				41367423193F96E5006B228B /* Debug */,
				41367424193F96E5006B228B /* Release */,
			);
			defaultConfigurationIsVisible = 0;
			defaultConfigurationName = Release;
		};
		41367425193F96E5006B228B /* Build configuration list for PBXNativeTarget "CocoapodsTest2" */ = {
			isa = XCConfigurationList;
			buildConfigurations = (
				41367426193F96E5006B228B /* Debug */,
				41367427193F96E5006B228B /* Release */,
			);
			defaultConfigurationIsVisible = 0;
		};
		41367428193F96E5006B228B /* Build configuration list for PBXNativeTarget "CocoapodsTest2Tests" */ = {
			isa = XCConfigurationList;
			buildConfigurations = (
				41367429193F96E5006B228B /* Debug */,
				4136742A193F96E5006B228B /* Release */,
			);
			defaultConfigurationIsVisible = 0;
		};
/* End XCConfigurationList section */
	};
	rootObject = 413673EB193F96E4006B228B /* Project object */;
}
